
Microsoft Visual Studio Solution File, Format Version 12.00
# Visual Studio Version 17
VisualStudioVersion = 17.2.32616.157
MinimumVisualStudioVersion = 10.0.40219.1
Project("{FAE04EC0-301F-11D3-BF4B-00C04F79EFBC}") = "Engenhos2", "Engenhos2.csproj", "{A7DD1941-C25E-4385-8DB5-6D260AD202AA}"
EndProject
Global
	GlobalSection(SolutionConfigurationPlatforms) = preSolution
		Debug|Any CPU = Debug|Any CPU
		Release|Any CPU = Release|Any CPU
	EndGlobalSection
	GlobalSection(ProjectConfigurationPlatforms) = postSolution
		{A7DD1941-C25E-4385-8DB5-6D260AD202AA}.Debug|Any CPU.ActiveCfg = Debug|Any CPU
		{A7DD1941-C25E-4385-8DB5-6D260AD202AA}.Debug|Any CPU.Build.0 = Debug|Any CPU
		{A7DD1941-C25E-4385-8DB5-6D260AD202AA}.Release|Any CPU.ActiveCfg = Release|Any CPU
		{A7DD1941-C25E-4385-8DB5-6D260AD202AA}.Release|Any CPU.Build.0 = Release|Any CPU
	EndGlobalSection
	GlobalSection(SolutionProperties) = preSolution
		HideSolutionNode = FALSE
	EndGlobalSection
	GlobalSection(ExtensibilityGlobals) = postSolution
		SolutionGuid = {96A24880-D859-444C-BFD6-C1AC8DAB95A0}
	EndGlobalSection
EndGlobal
